
Microsoft Visual Studio Solution File, Format Version 12.00
# Visual Studio Version 17
VisualStudioVersion = 17.4.33213.308
MinimumVisualStudioVersion = 10.0.40219.1
Project("{FAE04EC0-301F-11D3-BF4B-00C04F79EFBC}") = "Diccionario Imprecion", "Diccionario Imprecion.csproj", "{90366E5C-360F-448A-9C7C-E67D28160A6F}"
EndProject
Global
	GlobalSection(SolutionConfigurationPlatforms) = preSolution
		Debug|Any CPU = Debug|Any CPU
		Release|Any CPU = Release|Any CPU
	EndGlobalSection
	GlobalSection(ProjectConfigurationPlatforms) = postSolution
		{90366E5C-360F-448A-9C7C-E67D28160A6F}.Debug|Any CPU.ActiveCfg = Debug|Any CPU
		{90366E5C-360F-448A-9C7C-E67D28160A6F}.Debug|Any CPU.Build.0 = Debug|Any CPU
		{90366E5C-360F-448A-9C7C-E67D28160A6F}.Release|Any CPU.ActiveCfg = Release|Any CPU
		{90366E5C-360F-448A-9C7C-E67D28160A6F}.Release|Any CPU.Build.0 = Release|Any CPU
	EndGlobalSection
	GlobalSection(SolutionProperties) = preSolution
		HideSolutionNode = FALSE
	EndGlobalSection
	GlobalSection(ExtensibilityGlobals) = postSolution
		SolutionGuid = {D2AB1391-A768-4B18-A7CE-D83647BA1AA6}
	EndGlobalSection
EndGlobal
